
Microsoft Visual Studio Solution File, Format Version 12.00
# Visual Studio 14
VisualStudioVersion = 14.0.23107.0
MinimumVisualStudioVersion = 10.0.40219.1
Project("{FAE04EC0-301F-11D3-BF4B-00C04F79EFBC}") = "SomeCompanyTest", "SomeCompany\SomeCompanyTest.csproj", "{448E76DF-EBA5-42E2-A005-617EC28AD41A}"
EndProject
Global
	GlobalSection(SolutionConfigurationPlatforms) = preSolution
		Debug|Any CPU = Debug|Any CPU
		Release|Any CPU = Release|Any CPU
	EndGlobalSection
	GlobalSection(ProjectConfigurationPlatforms) = postSolution
		{448E76DF-EBA5-42E2-A005-617EC28AD41A}.Debug|Any CPU.ActiveCfg = Debug|Any CPU
		{448E76DF-EBA5-42E2-A005-617EC28AD41A}.Debug|Any CPU.Build.0 = Debug|Any CPU
		{448E76DF-EBA5-42E2-A005-617EC28AD41A}.Release|Any CPU.ActiveCfg = Release|Any CPU
		{448E76DF-EBA5-42E2-A005-617EC28AD41A}.Release|Any CPU.Build.0 = Release|Any CPU
	EndGlobalSection
	GlobalSection(SolutionProperties) = preSolution
		HideSolutionNode = FALSE
	EndGlobalSection
EndGlobal
